# THIS IS AN AUTOGENERATED FILE. DO NOT EDIT THIS FILE DIRECTLY.
# yarn lockfile v1


"@dclimate/jaxray@^0.1.2":
  version "0.1.2"
  resolved "https://registry.yarnpkg.com/@dclimate/jaxray/-/jaxray-0.1.2.tgz#b6008dbb3beb1f7039272ff5cff28e6f41c96508"
  integrity sha512-S+Ad7pG5LdRJNkV08flM/TySfEfESQcdDEFPy1iyiDCXPhxd9Ig9HYL1zD1QDrkrJXve5uDKHh+LJxiXrdb7fA==
  dependencies:
    "@ipld/dag-cbor" "^9.2.5"
    it-all "^1.0.6"
    multiformats "^13.3.1"
    uint8arrays "^5.1.0"
    zarrita "^0.5.4"

"@ipld/dag-cbor@^9.2.5":
  version "9.2.5"
  resolved "https://registry.yarnpkg.com/@ipld/dag-cbor/-/dag-cbor-9.2.5.tgz#4f792380966190e7d5a82a8d9ba9c7a8589eb1b0"
  integrity sha512-84wSr4jv30biui7endhobYhXBQzQE4c/wdoWlFrKcfiwH+ofaPg8fwsM8okX9cOzkkrsAsNdDyH3ou+kiLquwQ==
  dependencies:
    cborg "^4.0.0"
    multiformats "^13.1.0"

"@zarrita/storage@^0.1.3":
  version "0.1.3"
  resolved "https://registry.yarnpkg.com/@zarrita/storage/-/storage-0.1.3.tgz#59e56a2ca024caf8c4d9e76446d1f6bcbc3e1c7e"
  integrity sha512-ZyCMYN3LuCNtKxro9876r/KyHyXV+ie2Bhk1qYsJR4Jp+sAjoVRRNNSJPsJxk64ZgFFezayO5S2hCu88/1Odwg==
  dependencies:
    reference-spec-reader "^0.2.0"
    unzipit "^1.4.3"

cborg@^4.0.0:
  version "4.2.18"
  resolved "https://registry.yarnpkg.com/cborg/-/cborg-4.2.18.tgz#d17dca8dc93d375e05dfdae08462614abf73697d"
  integrity sha512-uzhkd5HOaLccokqeZa5B0Qz7/aa9C12pmUq5yU3vcy6I6OhTKdPHSzOuBPZfcoQHdcx8Emz/dWZbPNNfF/puvg==

fflate@^0.8.0:
  version "0.8.2"
  resolved "https://registry.yarnpkg.com/fflate/-/fflate-0.8.2.tgz#fc8631f5347812ad6028bbe4a2308b2792aa1dea"
  integrity sha512-cPJU47OaAoCbg0pBvzsgpTPhmhqI5eJjh/JIu8tPj5q+T7iLvW/JAYUqmE7KOB4R1ZyEhzBaIQpQpardBF5z8A==

it-all@^1.0.6:
  version "1.0.6"
  resolved "https://registry.yarnpkg.com/it-all/-/it-all-1.0.6.tgz#852557355367606295c4c3b7eff0136f07749335"
  integrity sha512-3cmCc6Heqe3uWi3CVM/k51fa/XbMFpQVzFoDsV0IZNHSQDyAXl3c4MjHkFX5kF3922OGj7Myv1nSEUgRtcuM1A==

multiformats@^13.0.0, multiformats@^13.1.0, multiformats@^13.3.1:
  version "13.4.1"
  resolved "https://registry.yarnpkg.com/multiformats/-/multiformats-13.4.1.tgz#d4d0aeaef73ed9dde1b04ea20c40554372085704"
  integrity sha512-VqO6OSvLrFVAYYjgsr8tyv62/rCQhPgsZUXLTqoFLSgdkgiUYKYeArbt1uWLlEpkjxQe+P0+sHlbPEte1Bi06Q==

numcodecs@^0.3.2:
  version "0.3.2"
  resolved "https://registry.yarnpkg.com/numcodecs/-/numcodecs-0.3.2.tgz#09887cfc2a3ae1c59a495c01a7f0528118d85dcd"
  integrity sha512-6YSPnmZgg0P87jnNhi3s+FVLOcIn3y+1CTIgUulA3IdASzK9fJM87sUFkpyA+be9GibGRaST2wCgkD+6U+fWKw==
  dependencies:
    fflate "^0.8.0"

reference-spec-reader@^0.2.0:
  version "0.2.0"
  resolved "https://registry.yarnpkg.com/reference-spec-reader/-/reference-spec-reader-0.2.0.tgz#52bd79614dde68e68f05c97a05ae04ff20acd7ec"
  integrity sha512-q0mfCi5yZSSHXpCyxjgQeaORq3tvDsxDyzaadA/5+AbAUwRyRuuTh0aRQuE/vAOt/qzzxidJ5iDeu1cLHaNBlQ==

typescript@^5.4.0:
  version "5.9.3"
  resolved "https://registry.yarnpkg.com/typescript/-/typescript-5.9.3.tgz#5b4f59e15310ab17a216f5d6cf53ee476ede670f"
  integrity sha512-jl1vZzPDinLr9eUt3J/t7V6FgNEw9QjvBPdysz9KfQDD41fQrC2Y4vKQdiaUpFT4bXlb1RHhLpp8wtm6M5TgSw==

uint8arrays@^5.1.0:
  version "5.1.0"
  resolved "https://registry.yarnpkg.com/uint8arrays/-/uint8arrays-5.1.0.tgz#14047c9bdf825d025b7391299436e5e50e7270f1"
  integrity sha512-vA6nFepEmlSKkMBnLBaUMVvAC4G3CTmO58C12y4sq6WPDOR7mOFYOi7GlrQ4djeSbP6JG9Pv9tJDM97PedRSww==
  dependencies:
    multiformats "^13.0.0"

unzipit@^1.4.3:
  version "1.4.3"
  resolved "https://registry.yarnpkg.com/unzipit/-/unzipit-1.4.3.tgz#738298a6b235892bf7ce7db82cff813d4ca664ac"
  integrity sha512-gsq2PdJIWWGhx5kcdWStvNWit9FVdTewm4SEG7gFskWs+XCVaULt9+BwuoBtJiRE8eo3L1IPAOrbByNLtLtIlg==
  dependencies:
    uzip-module "^1.0.2"

uzip-module@^1.0.2:
  version "1.0.3"
  resolved "https://registry.yarnpkg.com/uzip-module/-/uzip-module-1.0.3.tgz#6bbabe2a3efea5d5a4a47479f523a571de3427ce"
  integrity sha512-AMqwWZaknLM77G+VPYNZLEruMGWGzyigPK3/Whg99B3S6vGHuqsyl5ZrOv1UUF3paGK1U6PM0cnayioaryg/fA==

zarrita@^0.5.4:
  version "0.5.4"
  resolved "https://registry.yarnpkg.com/zarrita/-/zarrita-0.5.4.tgz#b64a323c6f6c33e7f3cf741f70d5f48b31a7fb5a"
  integrity sha512-i88iN2+HqIQ+uiCEWLfhjbYNXAJD7IrM4h3lFwFclfqEOOhxp10amRWtqmgN5jbuy3+h0LwdyLVVzk4y9rTLgg==
  dependencies:
    "@zarrita/storage" "^0.1.3"
    numcodecs "^0.3.2"
